
Microsoft Visual Studio Solution File, Format Version 12.00
# Visual Studio 15
VisualStudioVersion = 15.0.33423.255
MinimumVisualStudioVersion = 10.0.40219.1
Project("{FAE04EC0-301F-11D3-BF4B-00C04F79EFBC}") = "SalesWebMvc", "SalesWebMvc\SalesWebMvc.csproj", "{AB086B91-8AC7-4CD8-8494-2AB0FB1F7759}"
EndProject
Global
	GlobalSection(SolutionConfigurationPlatforms) = preSolution
		Debug|Any CPU = Debug|Any CPU
		Release|Any CPU = Release|Any CPU
	EndGlobalSection
	GlobalSection(ProjectConfigurationPlatforms) = postSolution
		{AB086B91-8AC7-4CD8-8494-2AB0FB1F7759}.Debug|Any CPU.ActiveCfg = Debug|Any CPU
		{AB086B91-8AC7-4CD8-8494-2AB0FB1F7759}.Debug|Any CPU.Build.0 = Debug|Any CPU
		{AB086B91-8AC7-4CD8-8494-2AB0FB1F7759}.Release|Any CPU.ActiveCfg = Release|Any CPU
		{AB086B91-8AC7-4CD8-8494-2AB0FB1F7759}.Release|Any CPU.Build.0 = Release|Any CPU
	EndGlobalSection
	GlobalSection(SolutionProperties) = preSolution
		HideSolutionNode = FALSE
	EndGlobalSection
	GlobalSection(ExtensibilityGlobals) = postSolution
		SolutionGuid = {112A2B3F-E3A8-4CC8-AE70-E5115D620017}
	EndGlobalSection
EndGlobal
